<?xml version="1.0" encoding="utf-8"?>
<Project ToolsVersion="4.0" xmlns="http://schemas.microsoft.com/developer/msbuild/2003">
  <ItemGroup>
    <Filter Include="Source Files">
      <UniqueIdentifier>{4FC737F1-C7A5-4376-A066-2A32D752A2FF}</UniqueIdentifier>
      <Extensions>cpp;c;cc;cxx;def;odl;idl;hpj;bat;asm;asmx</Extensions>
    </Filter>
    <Filter Include="Header Files">
      <UniqueIdentifier>{93995380-89BD-4b04-88EB-625FBE52EBFB}</UniqueIdentifier>
      <Extensions>h;hh;hpp;hxx;hm;inl;inc;xsd</Extensions>
    </Filter>
    <Filter Include="Resource Files">
      <UniqueIdentifier>{67DA6AB6-F800-4c08-8B7A-83BB121AAD01}</UniqueIdentifier>
      <Extensions>rc;ico;cur;bmp;dlg;rc2;rct;bin;rgs;gif;jpg;jpeg;jpe;resx;tiff;tif;png;wav;mfcribbon-ms</Extensions>
    </Filter>
    <Filter Include="Preprocessor">
      <UniqueIdentifier>{ac74782c-1397-4755-a830-d3eb99ee0695}</UniqueIdentifier>
    </Filter>
    <Filter Include="detail">
      <UniqueIdentifier>{11056d86-1f0f-47fe-bc61-cbacce3f1305}</UniqueIdentifier>
    </Filter>
  </ItemGroup>
  <ItemGroup>
    <ClInclude Include="Preprocessor\preprocessor.h">
      <Filter>Preprocessor</Filter>
    </ClInclude>
    <ClInclude Include="Preprocessor\stringify.h">
      <Filter>Preprocessor</Filter>
    </ClInclude>
    <ClInclude Include="Preprocessor\concat.h">
      <Filter>Preprocessor</Filter>
    </ClInclude>
    <ClInclude Include="Preprocessor\repeat.h">
      <Filter>Preprocessor</Filter>
    </ClInclude>
    <ClInclude Include="Preprocessor\if.h">
      <Filter>Preprocessor</Filter>
    </ClInclude>
    <ClInclude Include="Preprocessor\discard.h">
      <Filter>Preprocessor</Filter>
    </ClInclude>
    <ClInclude Include="Preprocessor\empty.h">
      <Filter>Preprocessor</Filter>
    </ClInclude>
    <ClInclude Include="Preprocessor\comma.h">
      <Filter>Preprocessor</Filter>
    </ClInclude>
    <ClInclude Include="Preprocessor\comma_if.h">
      <Filter>Preprocessor</Filter>
    </ClInclude>
    <ClInclude Include="Preprocessor\bool.h">
      <Filter>Preprocessor</Filter>
    </ClInclude>
    <ClInclude Include="Preprocessor\repeat_comma_separated.h">
      <Filter>Preprocessor</Filter>
    </ClInclude>
    <ClInclude Include="Preprocessor\pair.h">
      <Filter>Preprocessor</Filter>
    </ClInclude>
    <ClInclude Include="shared_ptr.h">
      <Filter>Header Files</Filter>
    </ClInclude>
    <ClInclude Include="detail\reference_counter.h">
      <Filter>detail</Filter>
    </ClInclude>
    <ClInclude Include="Preprocessor\generate_namelist.h">
      <Filter>Preprocessor</Filter>
    </ClInclude>
  </ItemGroup>
</Project>